
Microsoft Visual Studio Solution File, Format Version 12.00
# Visual Studio Version 17
VisualStudioVersion = 17.13.35931.197 d17.13
MinimumVisualStudioVersion = 10.0.40219.1
Project("{FAE04EC0-301F-11D3-BF4B-00C04F79EFBC}") = "WebApplication1_empty", "WebApplication1_empty\WebApplication1_empty.csproj", "{B98BBD24-3FD3-40F4-9812-903261E77060}"
EndProject
Global
	GlobalSection(SolutionConfigurationPlatforms) = preSolution
		Debug|Any CPU = Debug|Any CPU
		Release|Any CPU = Release|Any CPU
	EndGlobalSection
	GlobalSection(ProjectConfigurationPlatforms) = postSolution
		{B98BBD24-3FD3-40F4-9812-903261E77060}.Debug|Any CPU.ActiveCfg = Debug|Any CPU
		{B98BBD24-3FD3-40F4-9812-903261E77060}.Debug|Any CPU.Build.0 = Debug|Any CPU
		{B98BBD24-3FD3-40F4-9812-903261E77060}.Release|Any CPU.ActiveCfg = Release|Any CPU
		{B98BBD24-3FD3-40F4-9812-903261E77060}.Release|Any CPU.Build.0 = Release|Any CPU
	EndGlobalSection
	GlobalSection(SolutionProperties) = preSolution
		HideSolutionNode = FALSE
	EndGlobalSection
	GlobalSection(ExtensibilityGlobals) = postSolution
		SolutionGuid = {D0CF9D46-6653-4908-B803-5733E5A94113}
	EndGlobalSection
EndGlobal
