
Microsoft Visual Studio Solution File, Format Version 12.00
# Visual Studio Version 17
VisualStudioVersion = 17.13.35931.197 d17.13
MinimumVisualStudioVersion = 10.0.40219.1
Project("{FAE04EC0-301F-11D3-BF4B-00C04F79EFBC}") = "GarageServiceApp", "GarageServiceApp\GarageServiceApp.csproj", "{64FA75AE-7572-4F2E-A662-34D099AC7458}"
EndProject
Global
	GlobalSection(SolutionConfigurationPlatforms) = preSolution
		Debug|Any CPU = Debug|Any CPU
		Release|Any CPU = Release|Any CPU
	EndGlobalSection
	GlobalSection(ProjectConfigurationPlatforms) = postSolution
		{64FA75AE-7572-4F2E-A662-34D099AC7458}.Debug|Any CPU.ActiveCfg = Debug|Any CPU
		{64FA75AE-7572-4F2E-A662-34D099AC7458}.Debug|Any CPU.Build.0 = Debug|Any CPU
		{64FA75AE-7572-4F2E-A662-34D099AC7458}.Release|Any CPU.ActiveCfg = Release|Any CPU
		{64FA75AE-7572-4F2E-A662-34D099AC7458}.Release|Any CPU.Build.0 = Release|Any CPU
	EndGlobalSection
	GlobalSection(SolutionProperties) = preSolution
		HideSolutionNode = FALSE
	EndGlobalSection
	GlobalSection(ExtensibilityGlobals) = postSolution
		SolutionGuid = {B1486940-CE2D-4E15-B735-B0572B4A328E}
	EndGlobalSection
EndGlobal
