
Microsoft Visual Studio Solution File, Format Version 12.00
# Visual Studio Version 17
VisualStudioVersion = 17.13.35931.197 d17.13
MinimumVisualStudioVersion = 10.0.40219.1
Project("{FAE04EC0-301F-11D3-BF4B-00C04F79EFBC}") = "WebApplication5", "WebApplication5\WebApplication5.csproj", "{1DEB7724-6C50-4C63-8F06-D4D063BF9C4A}"
EndProject
Global
	GlobalSection(SolutionConfigurationPlatforms) = preSolution
		Debug|Any CPU = Debug|Any CPU
		Release|Any CPU = Release|Any CPU
	EndGlobalSection
	GlobalSection(ProjectConfigurationPlatforms) = postSolution
		{1DEB7724-6C50-4C63-8F06-D4D063BF9C4A}.Debug|Any CPU.ActiveCfg = Debug|Any CPU
		{1DEB7724-6C50-4C63-8F06-D4D063BF9C4A}.Debug|Any CPU.Build.0 = Debug|Any CPU
		{1DEB7724-6C50-4C63-8F06-D4D063BF9C4A}.Release|Any CPU.ActiveCfg = Release|Any CPU
		{1DEB7724-6C50-4C63-8F06-D4D063BF9C4A}.Release|Any CPU.Build.0 = Release|Any CPU
	EndGlobalSection
	GlobalSection(SolutionProperties) = preSolution
		HideSolutionNode = FALSE
	EndGlobalSection
	GlobalSection(ExtensibilityGlobals) = postSolution
		SolutionGuid = {4457F6C6-FD87-4D48-9B71-23A38A05DDD0}
	EndGlobalSection
EndGlobal
